
Microsoft Visual Studio Solution File, Format Version 12.00
# Visual Studio Version 16
VisualStudioVersion = 16.0.31321.278
MinimumVisualStudioVersion = 10.0.40219.1
Project("{FAE04EC0-301F-11D3-BF4B-00C04F79EFBC}") = "ManutencaoVeiculo", "ManutencaoVeiculo.csproj", "{24858F61-2E96-4B07-835D-04A720DEA6A3}"
EndProject
Project("{FAE04EC0-301F-11D3-BF4B-00C04F79EFBC}") = "ManutencaoVeiculo.Domain", "..\ManutencaoVeiculo.Domain\ManutencaoVeiculo.Domain.csproj", "{687E7CBC-1B0E-48F4-AFC3-5B24FF6B3B88}"
EndProject
Project("{FAE04EC0-301F-11D3-BF4B-00C04F79EFBC}") = "ManutencaoVeiculo.Infra", "..\ManutencaoVeiculo.Infra\ManutencaoVeiculo.Infra.csproj", "{D4D3A62E-4D45-4010-9B4F-EC18A4BE9F0A}"
EndProject
Project("{FAE04EC0-301F-11D3-BF4B-00C04F79EFBC}") = "ManutencaoVeiculo.Application", "..\ManutencaoVeiculo.Application\ManutencaoVeiculo.Application.csproj", "{3607EB85-0DBD-4229-85FA-7E35E9284A0F}"
EndProject
Project("{FAE04EC0-301F-11D3-BF4B-00C04F79EFBC}") = "ManutencaoVeiculo.Shared", "..\ManutencaoVeiculo.Shared\ManutencaoVeiculo.Shared.csproj", "{B6744D4F-276C-4DCA-ABF7-82EE0CF5E143}"
EndProject
Global
	GlobalSection(SolutionConfigurationPlatforms) = preSolution
		Debug|Any CPU = Debug|Any CPU
		Release|Any CPU = Release|Any CPU
	EndGlobalSection
	GlobalSection(ProjectConfigurationPlatforms) = postSolution
		{24858F61-2E96-4B07-835D-04A720DEA6A3}.Debug|Any CPU.ActiveCfg = Debug|Any CPU
		{24858F61-2E96-4B07-835D-04A720DEA6A3}.Debug|Any CPU.Build.0 = Debug|Any CPU
		{24858F61-2E96-4B07-835D-04A720DEA6A3}.Release|Any CPU.ActiveCfg = Release|Any CPU
		{24858F61-2E96-4B07-835D-04A720DEA6A3}.Release|Any CPU.Build.0 = Release|Any CPU
		{687E7CBC-1B0E-48F4-AFC3-5B24FF6B3B88}.Debug|Any CPU.ActiveCfg = Debug|Any CPU
		{687E7CBC-1B0E-48F4-AFC3-5B24FF6B3B88}.Debug|Any CPU.Build.0 = Debug|Any CPU
		{687E7CBC-1B0E-48F4-AFC3-5B24FF6B3B88}.Release|Any CPU.ActiveCfg = Release|Any CPU
		{687E7CBC-1B0E-48F4-AFC3-5B24FF6B3B88}.Release|Any CPU.Build.0 = Release|Any CPU
		{D4D3A62E-4D45-4010-9B4F-EC18A4BE9F0A}.Debug|Any CPU.ActiveCfg = Debug|Any CPU
		{D4D3A62E-4D45-4010-9B4F-EC18A4BE9F0A}.Debug|Any CPU.Build.0 = Debug|Any CPU
		{D4D3A62E-4D45-4010-9B4F-EC18A4BE9F0A}.Release|Any CPU.ActiveCfg = Release|Any CPU
		{D4D3A62E-4D45-4010-9B4F-EC18A4BE9F0A}.Release|Any CPU.Build.0 = Release|Any CPU
		{3607EB85-0DBD-4229-85FA-7E35E9284A0F}.Debug|Any CPU.ActiveCfg = Debug|Any CPU
		{3607EB85-0DBD-4229-85FA-7E35E9284A0F}.Debug|Any CPU.Build.0 = Debug|Any CPU
		{3607EB85-0DBD-4229-85FA-7E35E9284A0F}.Release|Any CPU.ActiveCfg = Release|Any CPU
		{3607EB85-0DBD-4229-85FA-7E35E9284A0F}.Release|Any CPU.Build.0 = Release|Any CPU
		{B6744D4F-276C-4DCA-ABF7-82EE0CF5E143}.Debug|Any CPU.ActiveCfg = Debug|Any CPU
		{B6744D4F-276C-4DCA-ABF7-82EE0CF5E143}.Debug|Any CPU.Build.0 = Debug|Any CPU
		{B6744D4F-276C-4DCA-ABF7-82EE0CF5E143}.Release|Any CPU.ActiveCfg = Release|Any CPU
		{B6744D4F-276C-4DCA-ABF7-82EE0CF5E143}.Release|Any CPU.Build.0 = Release|Any CPU
	EndGlobalSection
	GlobalSection(SolutionProperties) = preSolution
		HideSolutionNode = FALSE
	EndGlobalSection
	GlobalSection(ExtensibilityGlobals) = postSolution
		SolutionGuid = {648DA091-4535-4519-8EBB-0DAF4E1A76BD}
	EndGlobalSection
EndGlobal
